<Solution>
  <Folder Name="/samples/">
    <Project Path="samples/ConsoleTest/ConsoleTest.csproj" />
  </Folder>
  <Folder Name="/src/">
    <Project Path="src/NousToolCalling/NousToolCalling.csproj" />
  </Folder>
  <Folder Name="/tests/">
    <Project Path="tests/NousToolCalling.UnitTests/NousToolCalling.UnitTests.csproj" />
  </Folder>
</Solution>
